
Microsoft Visual Studio Solution File, Format Version 12.00
# Visual Studio 15
VisualStudioVersion = 15.0.27428.1
MinimumVisualStudioVersion = 10.0.40219.1
Project("{FAE04EC0-301F-11D3-BF4B-00C04F79EFBC}") = "CampIAFCJ", "CampIAFCJ\CampIAFCJ.csproj", "{382BDCB0-7E95-47D6-AC37-25DDB065BDBC}"
EndProject
Global
	GlobalSection(SolutionConfigurationPlatforms) = preSolution
		Debug|Any CPU = Debug|Any CPU
		Release|Any CPU = Release|Any CPU
	EndGlobalSection
	GlobalSection(ProjectConfigurationPlatforms) = postSolution
		{382BDCB0-7E95-47D6-AC37-25DDB065BDBC}.Debug|Any CPU.ActiveCfg = Debug|Any CPU
		{382BDCB0-7E95-47D6-AC37-25DDB065BDBC}.Debug|Any CPU.Build.0 = Debug|Any CPU
		{382BDCB0-7E95-47D6-AC37-25DDB065BDBC}.Release|Any CPU.ActiveCfg = Release|Any CPU
		{382BDCB0-7E95-47D6-AC37-25DDB065BDBC}.Release|Any CPU.Build.0 = Release|Any CPU
	EndGlobalSection
	GlobalSection(SolutionProperties) = preSolution
		HideSolutionNode = FALSE
	EndGlobalSection
	GlobalSection(ExtensibilityGlobals) = postSolution
		SolutionGuid = {602D76C6-B58D-403D-9D8E-D38CE4D60F6E}
	EndGlobalSection
EndGlobal
